
Microsoft Visual Studio Solution File, Format Version 12.00
# Visual Studio 15
VisualStudioVersion = 15.0.26430.16
MinimumVisualStudioVersion = 10.0.40219.1
Project("{FAE04EC0-301F-11D3-BF4B-00C04F79EFBC}") = "TestConnectionWebService", "TestConnectionWebService\TestConnectionWebService.csproj", "{1FAC5D91-7551-4100-8AD4-1CB7C0417FB8}"
EndProject
Project("{FAE04EC0-301F-11D3-BF4B-00C04F79EFBC}") = "TestConnectionWebServiceEntity", "TestConnectionWebServiceEntity\TestConnectionWebServiceEntity.csproj", "{9D2DD514-6A5D-43CC-B360-4C534861E8C0}"
EndProject
Project("{FAE04EC0-301F-11D3-BF4B-00C04F79EFBC}") = "TestConnectionWebServiceDAO", "TestConnectionWebServiceDAO\TestConnectionWebServiceDAO.csproj", "{7E7C16C8-ED32-4986-A345-4B488F7E374A}"
EndProject
Project("{FAE04EC0-301F-11D3-BF4B-00C04F79EFBC}") = "TestConnectionWebServiceBO", "TestConnectionWebServiceBO\TestConnectionWebServiceBO.csproj", "{929FD034-F0C3-417F-91E4-F4EFD541DC23}"
EndProject
Project("{FAE04EC0-301F-11D3-BF4B-00C04F79EFBC}") = "TestConnectionWebServiceCore", "TestConnectionWebServiceCore\TestConnectionWebServiceCore.csproj", "{CD0D2DF9-5101-4F5A-9C8A-53A4FDE3A0D3}"
EndProject
Project("{FAE04EC0-301F-11D3-BF4B-00C04F79EFBC}") = "TestConnectionWebServiceUtil", "TestConnectionWebServiceUtil\TestConnectionWebServiceUtil.csproj", "{6B770051-D980-4002-8EE3-D78402DA2053}"
EndProject
Project("{FAE04EC0-301F-11D3-BF4B-00C04F79EFBC}") = "TestConnectionWebServiceClient", "TestConnectionWebServiceClient\TestConnectionWebServiceClient.csproj", "{31DD4EA6-A997-49F1-9358-F70E74681D00}"
EndProject
Project("{FAE04EC0-301F-11D3-BF4B-00C04F79EFBC}") = "TestConnectionWebServiceWeb", "TestConnectionWebServiceWeb\TestConnectionWebServiceWeb.csproj", "{499C5061-9582-467D-894D-E19EFFEAD3D7}"
EndProject
Global
	GlobalSection(SolutionConfigurationPlatforms) = preSolution
		Debug|Any CPU = Debug|Any CPU
		Release|Any CPU = Release|Any CPU
	EndGlobalSection
	GlobalSection(ProjectConfigurationPlatforms) = postSolution
		{1FAC5D91-7551-4100-8AD4-1CB7C0417FB8}.Debug|Any CPU.ActiveCfg = Debug|Any CPU
		{1FAC5D91-7551-4100-8AD4-1CB7C0417FB8}.Debug|Any CPU.Build.0 = Debug|Any CPU
		{1FAC5D91-7551-4100-8AD4-1CB7C0417FB8}.Release|Any CPU.ActiveCfg = Release|Any CPU
		{1FAC5D91-7551-4100-8AD4-1CB7C0417FB8}.Release|Any CPU.Build.0 = Release|Any CPU
		{9D2DD514-6A5D-43CC-B360-4C534861E8C0}.Debug|Any CPU.ActiveCfg = Debug|Any CPU
		{9D2DD514-6A5D-43CC-B360-4C534861E8C0}.Debug|Any CPU.Build.0 = Debug|Any CPU
		{9D2DD514-6A5D-43CC-B360-4C534861E8C0}.Release|Any CPU.ActiveCfg = Release|Any CPU
		{9D2DD514-6A5D-43CC-B360-4C534861E8C0}.Release|Any CPU.Build.0 = Release|Any CPU
		{7E7C16C8-ED32-4986-A345-4B488F7E374A}.Debug|Any CPU.ActiveCfg = Debug|Any CPU
		{7E7C16C8-ED32-4986-A345-4B488F7E374A}.Debug|Any CPU.Build.0 = Debug|Any CPU
		{7E7C16C8-ED32-4986-A345-4B488F7E374A}.Release|Any CPU.ActiveCfg = Release|Any CPU
		{7E7C16C8-ED32-4986-A345-4B488F7E374A}.Release|Any CPU.Build.0 = Release|Any CPU
		{929FD034-F0C3-417F-91E4-F4EFD541DC23}.Debug|Any CPU.ActiveCfg = Debug|Any CPU
		{929FD034-F0C3-417F-91E4-F4EFD541DC23}.Debug|Any CPU.Build.0 = Debug|Any CPU
		{929FD034-F0C3-417F-91E4-F4EFD541DC23}.Release|Any CPU.ActiveCfg = Release|Any CPU
		{929FD034-F0C3-417F-91E4-F4EFD541DC23}.Release|Any CPU.Build.0 = Release|Any CPU
		{CD0D2DF9-5101-4F5A-9C8A-53A4FDE3A0D3}.Debug|Any CPU.ActiveCfg = Debug|Any CPU
		{CD0D2DF9-5101-4F5A-9C8A-53A4FDE3A0D3}.Debug|Any CPU.Build.0 = Debug|Any CPU
		{CD0D2DF9-5101-4F5A-9C8A-53A4FDE3A0D3}.Release|Any CPU.ActiveCfg = Release|Any CPU
		{CD0D2DF9-5101-4F5A-9C8A-53A4FDE3A0D3}.Release|Any CPU.Build.0 = Release|Any CPU
		{6B770051-D980-4002-8EE3-D78402DA2053}.Debug|Any CPU.ActiveCfg = Debug|Any CPU
		{6B770051-D980-4002-8EE3-D78402DA2053}.Debug|Any CPU.Build.0 = Debug|Any CPU
		{6B770051-D980-4002-8EE3-D78402DA2053}.Release|Any CPU.ActiveCfg = Release|Any CPU
		{6B770051-D980-4002-8EE3-D78402DA2053}.Release|Any CPU.Build.0 = Release|Any CPU
		{31DD4EA6-A997-49F1-9358-F70E74681D00}.Debug|Any CPU.ActiveCfg = Debug|Any CPU
		{31DD4EA6-A997-49F1-9358-F70E74681D00}.Debug|Any CPU.Build.0 = Debug|Any CPU
		{31DD4EA6-A997-49F1-9358-F70E74681D00}.Release|Any CPU.ActiveCfg = Release|Any CPU
		{31DD4EA6-A997-49F1-9358-F70E74681D00}.Release|Any CPU.Build.0 = Release|Any CPU
		{499C5061-9582-467D-894D-E19EFFEAD3D7}.Debug|Any CPU.ActiveCfg = Debug|Any CPU
		{499C5061-9582-467D-894D-E19EFFEAD3D7}.Debug|Any CPU.Build.0 = Debug|Any CPU
		{499C5061-9582-467D-894D-E19EFFEAD3D7}.Release|Any CPU.ActiveCfg = Release|Any CPU
		{499C5061-9582-467D-894D-E19EFFEAD3D7}.Release|Any CPU.Build.0 = Release|Any CPU
	EndGlobalSection
	GlobalSection(SolutionProperties) = preSolution
		HideSolutionNode = FALSE
	EndGlobalSection
EndGlobal
